schema: '2.0'
stages:
  complete-basic_report:
    cmd: dz run-step basic_report complete
    deps:
    - path: src/basic_report.py
      md5: d0be48d45680ba7c1ee60a4d567c6977
      size: 4164
    - path: src/collect.py
      md5: a781b4ef1a26b31931fd25868aebcf45
      size: 1254
    params:
      zimmer.yaml:
        aswan_projects.bbc-local.current_leaf: b42f2dbc43cdc89d309f
        envs.complete.params.last_days: 120
    outs:
    - path: data/bbc-sentiment/basic_report/complete/article.parquet
      md5: 940753c443988b563fe2da1ee7f91027
      size: 6959109
    - path: data/bbc-sentiment/basic_report/complete/article_locator.parquet
      md5: b542138449cbf863f670094a0864d8b8
      size: 574135
    - path: reports/complete/latest.md
      md5: fa41035c6101efac46aebea000af8cef
      size: 4165
    - path: reports/complete/sentiment.jpg
      md5: 04d5777544716395a60958762265299d
      size: 298155
