schema: '2.0'
stages:
  complete-basic_report:
    cmd: dz run-step basic_report complete
    deps:
    - path: src/basic_report.py
      md5: d0be48d45680ba7c1ee60a4d567c6977
      size: 4164
    - path: src/collect.py
      md5: a781b4ef1a26b31931fd25868aebcf45
      size: 1254
    params:
      zimmer.yaml:
        aswan_projects.bbc-local.current_leaf: 6dfa93468bce139931a7
        envs.complete.params.last_days: 120
    outs:
    - path: data/bbc-sentiment/basic_report/complete/article.parquet
      md5: 1a1306a384020e6f2adef6d18fe08365
      size: 7345642
    - path: data/bbc-sentiment/basic_report/complete/article_locator.parquet
      md5: 9ac70ad77a9bfc79a6bfe004c96a7e93
      size: 609473
    - path: reports/complete/latest.md
      md5: 3a0034528d665f279c3eb746b7a6e83f
      size: 4355
    - path: reports/complete/sentiment.jpg
      md5: e1e287a3ac30f38a5437045dbdc652f9
      size: 294516
