schema: '2.0'
stages:
  complete-basic_report:
    cmd: dz run-step basic_report complete
    deps:
    - path: src/basic_report.py
      md5: d0be48d45680ba7c1ee60a4d567c6977
      size: 4164
    - path: src/collect.py
      md5: a781b4ef1a26b31931fd25868aebcf45
      size: 1254
    params:
      zimmer.yaml:
        aswan_projects.bbc-local.current_leaf: 41e8cf0321f3cdfe37a9
        envs.complete.params.last_days: 120
    outs:
    - path: data/bbc-sentiment/basic_report/complete/article.parquet
      md5: 0cc7bbe46429b1fa084fc22525d43644
      size: 6974662
    - path: data/bbc-sentiment/basic_report/complete/article_locator.parquet
      md5: 18d2562455308d3655c3dbe0640a93f6
      size: 575805
    - path: reports/complete/latest.md
      md5: 8a7c6e912c9912b4d07d0969aae2f323
      size: 4357
    - path: reports/complete/sentiment.jpg
      md5: 2fa255511b05556fb81c197bcfe5bb5d
      size: 297543
